
Microsoft Visual Studio Solution File, Format Version 12.00
# Visual Studio Version 16
VisualStudioVersion = 16.0.29905.134
MinimumVisualStudioVersion = 10.0.40219.1
Project("{FAE04EC0-301F-11D3-BF4B-00C04F79EFBC}") = "ContosoUniversity", "ContosoUniversity\ContosoUniversity.csproj", "{2EA4648B-8A16-4590-B16A-98A720C5E9B5}"
EndProject
Global
	GlobalSection(SolutionConfigurationPlatforms) = preSolution
		Debug|Any CPU = Debug|Any CPU
		Release|Any CPU = Release|Any CPU
	EndGlobalSection
	GlobalSection(ProjectConfigurationPlatforms) = postSolution
		{2EA4648B-8A16-4590-B16A-98A720C5E9B5}.Debug|Any CPU.ActiveCfg = Debug|Any CPU
		{2EA4648B-8A16-4590-B16A-98A720C5E9B5}.Debug|Any CPU.Build.0 = Debug|Any CPU
		{2EA4648B-8A16-4590-B16A-98A720C5E9B5}.Release|Any CPU.ActiveCfg = Release|Any CPU
		{2EA4648B-8A16-4590-B16A-98A720C5E9B5}.Release|Any CPU.Build.0 = Release|Any CPU
	EndGlobalSection
	GlobalSection(SolutionProperties) = preSolution
		HideSolutionNode = FALSE
	EndGlobalSection
	GlobalSection(ExtensibilityGlobals) = postSolution
		SolutionGuid = {BBB7E25D-83C7-4DC7-9650-CE4E21BC0D7F}
	EndGlobalSection
EndGlobal
